
Microsoft Visual Studio Solution File, Format Version 12.00
# Visual Studio Version 17
VisualStudioVersion = 17.3.32819.101
MinimumVisualStudioVersion = 10.0.40219.1
Project("{FAE04EC0-301F-11D3-BF4B-00C04F79EFBC}") = "classdemo", "classdemo\classdemo.csproj", "{8F73C68F-B9C3-465C-87E1-816C4C0701BF}"
EndProject
Project("{FAE04EC0-301F-11D3-BF4B-00C04F79EFBC}") = "_约束泛型", "_约束泛型\_约束泛型.csproj", "{C4C56205-2847-47D3-9F4D-9305D5A3BF31}"
EndProject
Project("{FAE04EC0-301F-11D3-BF4B-00C04F79EFBC}") = "_Lambda", "_Lambda\_Lambda.csproj", "{F32D0B16-76F5-47FD-9086-BEFC64DE32B6}"
EndProject
Project("{FAE04EC0-301F-11D3-BF4B-00C04F79EFBC}") = "_Lambda2", "_Lambda2\_Lambda2.csproj", "{63C21C07-0B6B-4459-8708-05E8ABD53C77}"
EndProject
Project("{FAE04EC0-301F-11D3-BF4B-00C04F79EFBC}") = "_Property", "_Property\_Property.csproj", "{75596D78-4CBE-4081-A00D-4A3B93649AD3}"
EndProject
Project("{FAE04EC0-301F-11D3-BF4B-00C04F79EFBC}") = "_PropertiesAbstract", "_PropertiesAbstract\_PropertiesAbstract.csproj", "{92CD992D-7281-495F-A595-7AC557FF8336}"
EndProject
Project("{FAE04EC0-301F-11D3-BF4B-00C04F79EFBC}") = "_test", "_test\_test.csproj", "{FECD9ECB-7D84-43A7-BE68-36D0A69A9EE0}"
EndProject
Project("{FAE04EC0-301F-11D3-BF4B-00C04F79EFBC}") = "_YuSymbol", "_YuSymbol\_YuSymbol.csproj", "{B381811D-084C-40D5-B7FA-88A9B53861BC}"
EndProject
Project("{FAE04EC0-301F-11D3-BF4B-00C04F79EFBC}") = "_testEXE", "_testEXE\_testEXE.csproj", "{710A194D-2A7C-4470-B014-8AA3499AD4C4}"
EndProject
Project("{FAE04EC0-301F-11D3-BF4B-00C04F79EFBC}") = "_delegate", "_delegate\_delegate.csproj", "{9DC8EBB0-91E4-4F1A-8D01-C13B9385E9F8}"
EndProject
Project("{FAE04EC0-301F-11D3-BF4B-00C04F79EFBC}") = "_delegate2", "_delegate2\_delegate2.csproj", "{1415A1B5-407C-4CA5-8692-C9F2E94588C9}"
EndProject
Project("{FAE04EC0-301F-11D3-BF4B-00C04F79EFBC}") = "_delegate1", "_delegate1\_delegate1.csproj", "{B58A61C4-3D8F-4DDE-B177-28D0CC0A6B26}"
EndProject
Project("{FAE04EC0-301F-11D3-BF4B-00C04F79EFBC}") = "_testTests", "_testTests\_testTests.csproj", "{A773FCF8-DBDC-4424-9A30-523D9A06B504}"
EndProject
Project("{FAE04EC0-301F-11D3-BF4B-00C04F79EFBC}") = "Lock", "Lock\Lock.csproj", "{84C573B3-B699-4F22-9163-1E6F52677CCE}"
EndProject
Project("{FAE04EC0-301F-11D3-BF4B-00C04F79EFBC}") = "Lock2", "Lock2\Lock2.csproj", "{7C64905D-AF64-4D3E-AA3D-7F3DE07A3C18}"
EndProject
Project("{FAE04EC0-301F-11D3-BF4B-00C04F79EFBC}") = "Lock3", "Lock3\Lock3.csproj", "{807DAA6C-9D68-4AD9-BDB3-A7D4C8E5E962}"
EndProject
Project("{9A19103F-16F7-4668-BE54-9A1E7A4F7556}") = "_await", "_await\_await.csproj", "{0504C051-2C78-4A0A-A266-081324893FEC}"
EndProject
Project("{9A19103F-16F7-4668-BE54-9A1E7A4F7556}") = "_async", "_async\_async.csproj", "{07446DC8-CB33-4538-B4CC-C0661A49CD4C}"
EndProject
Project("{9A19103F-16F7-4668-BE54-9A1E7A4F7556}") = "Test_Net5.0", "Test_Net5.0\Test_Net5.0.csproj", "{0CBD8A8D-F165-4AA4-A3DF-73E87E39B271}"
EndProject
Project("{9A19103F-16F7-4668-BE54-9A1E7A4F7556}") = "_Lambda_SelectMany", "_Lambda_SelectMany\_Lambda_SelectMany.csproj", "{06C974D8-C34D-4B16-A264-41566CE3C3AB}"
EndProject
Project("{9A19103F-16F7-4668-BE54-9A1E7A4F7556}") = "_Lazy", "_Lazy\_Lazy.csproj", "{357E68C2-74D3-45A2-9D48-7F35252A940E}"
EndProject
Project("{9A19103F-16F7-4668-BE54-9A1E7A4F7556}") = "LINQ_Common", "SelectCommon\LINQ_Common.csproj", "{FA163924-2874-4601-84F4-9686090ABF38}"
EndProject
Project("{9A19103F-16F7-4668-BE54-9A1E7A4F7556}") = "IfElse", "IfElse\IfElse.csproj", "{F6618766-51EE-4325-AD55-0C88457E3941}"
EndProject
Project("{9A19103F-16F7-4668-BE54-9A1E7A4F7556}") = "_InvariantCulture", "testTemp\_InvariantCulture.csproj", "{5B0019B0-1039-41DC-B263-F827F94EC136}"
EndProject
Project("{9A19103F-16F7-4668-BE54-9A1E7A4F7556}") = "_Mutex", "_Mutex\_Mutex.csproj", "{65169C77-76F1-4585-9B82-FB9F0CD2B3DA}"
EndProject
Project("{9A19103F-16F7-4668-BE54-9A1E7A4F7556}") = "Mutex_singleton_winforms", "Mutex_singleton_winforms\Mutex_singleton_winforms.csproj", "{5B307723-3750-4353-ACB1-A6834DF119AC}"
EndProject
Project("{9A19103F-16F7-4668-BE54-9A1E7A4F7556}") = "_Thread_Task_async_await", "_Thread_Task_async_await\_Thread_Task_async_await.csproj", "{A072ECD6-5C73-42D7-A8E0-E185704350D4}"
EndProject
Project("{9A19103F-16F7-4668-BE54-9A1E7A4F7556}") = "Deserialize_Json", "Deserialize_Json\Deserialize_Json.csproj", "{9EAEB426-5016-49F0-972C-0C4501D71887}"
EndProject
Project("{9A19103F-16F7-4668-BE54-9A1E7A4F7556}") = "_Lazy2", "_Lazy2\_Lazy2.csproj", "{3B6EEF4C-04C6-46BC-96ED-083E957464F1}"
EndProject
Project("{9A19103F-16F7-4668-BE54-9A1E7A4F7556}") = "_Ivi_Visa_Interop", "_Ivi_Visa_Interop\_Ivi_Visa_Interop.csproj", "{5B7BEFF2-AEDB-413C-B4BA-4F7394B7454E}"
EndProject
Project("{9A19103F-16F7-4668-BE54-9A1E7A4F7556}") = "_ProgID", "_ProgID\_ProgID.csproj", "{690F9915-27F8-4198-9345-C2B9DF0A044D}"
EndProject
Project("{FAE04EC0-301F-11D3-BF4B-00C04F79EFBC}") = "_ArrayList", "_ArrayList\_ArrayList.csproj", "{2C6B2921-D0AD-4CC9-A665-15BA364DEBE5}"
EndProject
Project("{FAE04EC0-301F-11D3-BF4B-00C04F79EFBC}") = "_class_attribute", "_class_attribute\_class_attribute.csproj", "{7CC34EFC-943F-4393-912D-719780F5AB62}"
EndProject
Project("{FAE04EC0-301F-11D3-BF4B-00C04F79EFBC}") = "_file", "_file\_file.csproj", "{8E9DBF15-FF7B-414B-845A-BF22867D1ADB}"
EndProject
Project("{FAE04EC0-301F-11D3-BF4B-00C04F79EFBC}") = "_filestream", "_filestream\_filestream.csproj", "{77CDDBFF-200B-4372-9490-3B6F471EF2C2}"
EndProject
Project("{FAE04EC0-301F-11D3-BF4B-00C04F79EFBC}") = "_interface_特点", "_interface_特点\_interface_特点.csproj", "{0484F960-D121-4996-8A74-E28F655AE805}"
EndProject
Project("{FAE04EC0-301F-11D3-BF4B-00C04F79EFBC}") = "_out", "_out\_out.csproj", "{7313721A-39FE-469A-9266-2035E4D6D7E2}"
EndProject
Project("{FAE04EC0-301F-11D3-BF4B-00C04F79EFBC}") = "_path", "_path\_path.csproj", "{D0E4A2C2-EED5-4D0D-A4B9-F29BD4E6FB70}"
EndProject
Project("{FAE04EC0-301F-11D3-BF4B-00C04F79EFBC}") = "_StreamReader和StreamWriter", "_StreamReader和StreamWriter\_StreamReader和StreamWriter.csproj", "{8102843E-67B6-4021-9667-45070DA64D71}"
EndProject
Project("{FAE04EC0-301F-11D3-BF4B-00C04F79EFBC}") = "MD5加密", "MD5加密\MD5加密.csproj", "{68A8CF8E-8FEA-4A4C-9FBB-B71FA7BA8B36}"
EndProject
Project("{FAE04EC0-301F-11D3-BF4B-00C04F79EFBC}") = "部分类", "部分类\部分类.csproj", "{88431886-DC94-46A0-B9EF-7C58E5CFA420}"
EndProject
Project("{FAE04EC0-301F-11D3-BF4B-00C04F79EFBC}") = "超市收银系统", "超市收银系统\超市收银系统.csproj", "{D57C04F8-07C4-40D0-88C7-50B1F09C61DF}"
EndProject
Project("{FAE04EC0-301F-11D3-BF4B-00C04F79EFBC}") = "抽象", "抽象\抽象.csproj", "{1168B92C-D185-41EC-B7DD-7FC9EBF95EDA}"
EndProject
Project("{FAE04EC0-301F-11D3-BF4B-00C04F79EFBC}") = "多态", "多态\多态.csproj", "{45B633B0-70A1-4A37-9E1D-5177D98A0516}"
EndProject
Project("{FAE04EC0-301F-11D3-BF4B-00C04F79EFBC}") = "访问修饰符", "访问修饰符\访问修饰符.csproj", "{92584B27-FEC2-4AEA-AE6D-84F45BAC73E6}"
EndProject
Project("{FAE04EC0-301F-11D3-BF4B-00C04F79EFBC}") = "接口", "接口\接口.csproj", "{4692D06D-73DC-4681-8395-F9BA04EE7984}"
EndProject
Project("{FAE04EC0-301F-11D3-BF4B-00C04F79EFBC}") = "接口-显示实现", "接口-显示实现\接口-显示实现.csproj", "{34F4DB36-4AF0-4F27-B83C-6168AD3946E9}"
EndProject
Project("{FAE04EC0-301F-11D3-BF4B-00C04F79EFBC}") = "密封类", "密封类\密封类.csproj", "{F3FE67FD-837C-4E42-A1A5-EA7B494757A3}"
EndProject
Project("{FAE04EC0-301F-11D3-BF4B-00C04F79EFBC}") = "序列化和反序列化", "序列化和反序列化\序列化和反序列化.csproj", "{121855EB-3C9A-4B73-82B8-C94E798EC90B}"
EndProject
Project("{FAE04EC0-301F-11D3-BF4B-00C04F79EFBC}") = "值类型和引用类型", "值类型和引用类型\值类型和引用类型.csproj", "{B3EABC71-0E16-46E6-B2A3-CA390ED9F03E}"
EndProject
Project("{FAE04EC0-301F-11D3-BF4B-00C04F79EFBC}") = "重写tostring()", "重写tostring()\重写tostring().csproj", "{5CC97596-E081-43B8-8DBB-65C66C51AAAE}"
EndProject
Project("{FAE04EC0-301F-11D3-BF4B-00C04F79EFBC}") = "自动属性和普通属性", "自动属性和普通属性\自动属性和普通属性.csproj", "{909B9620-8C9B-4025-84E2-C92E3C45D1B6}"
EndProject
Project("{FAE04EC0-301F-11D3-BF4B-00C04F79EFBC}") = "BilliWindowsForms", "BilliWindowsForms\BilliWindowsForms\BilliWindowsForms.csproj", "{CFA5B6D2-8F3C-4EDE-9794-F07094F4CCA2}"
EndProject
Global
	GlobalSection(SolutionConfigurationPlatforms) = preSolution
		Debug|Any CPU = Debug|Any CPU
		Release|Any CPU = Release|Any CPU
	EndGlobalSection
	GlobalSection(ProjectConfigurationPlatforms) = postSolution
		{8F73C68F-B9C3-465C-87E1-816C4C0701BF}.Debug|Any CPU.ActiveCfg = Debug|Any CPU
		{8F73C68F-B9C3-465C-87E1-816C4C0701BF}.Debug|Any CPU.Build.0 = Debug|Any CPU
		{8F73C68F-B9C3-465C-87E1-816C4C0701BF}.Release|Any CPU.ActiveCfg = Release|Any CPU
		{8F73C68F-B9C3-465C-87E1-816C4C0701BF}.Release|Any CPU.Build.0 = Release|Any CPU
		{C4C56205-2847-47D3-9F4D-9305D5A3BF31}.Debug|Any CPU.ActiveCfg = Debug|Any CPU
		{C4C56205-2847-47D3-9F4D-9305D5A3BF31}.Debug|Any CPU.Build.0 = Debug|Any CPU
		{C4C56205-2847-47D3-9F4D-9305D5A3BF31}.Release|Any CPU.ActiveCfg = Release|Any CPU
		{C4C56205-2847-47D3-9F4D-9305D5A3BF31}.Release|Any CPU.Build.0 = Release|Any CPU
		{F32D0B16-76F5-47FD-9086-BEFC64DE32B6}.Debug|Any CPU.ActiveCfg = Debug|Any CPU
		{F32D0B16-76F5-47FD-9086-BEFC64DE32B6}.Debug|Any CPU.Build.0 = Debug|Any CPU
		{F32D0B16-76F5-47FD-9086-BEFC64DE32B6}.Release|Any CPU.ActiveCfg = Release|Any CPU
		{F32D0B16-76F5-47FD-9086-BEFC64DE32B6}.Release|Any CPU.Build.0 = Release|Any CPU
		{63C21C07-0B6B-4459-8708-05E8ABD53C77}.Debug|Any CPU.ActiveCfg = Debug|Any CPU
		{63C21C07-0B6B-4459-8708-05E8ABD53C77}.Debug|Any CPU.Build.0 = Debug|Any CPU
		{63C21C07-0B6B-4459-8708-05E8ABD53C77}.Release|Any CPU.ActiveCfg = Release|Any CPU
		{63C21C07-0B6B-4459-8708-05E8ABD53C77}.Release|Any CPU.Build.0 = Release|Any CPU
		{75596D78-4CBE-4081-A00D-4A3B93649AD3}.Debug|Any CPU.ActiveCfg = Debug|Any CPU
		{75596D78-4CBE-4081-A00D-4A3B93649AD3}.Debug|Any CPU.Build.0 = Debug|Any CPU
		{75596D78-4CBE-4081-A00D-4A3B93649AD3}.Release|Any CPU.ActiveCfg = Release|Any CPU
		{75596D78-4CBE-4081-A00D-4A3B93649AD3}.Release|Any CPU.Build.0 = Release|Any CPU
		{92CD992D-7281-495F-A595-7AC557FF8336}.Debug|Any CPU.ActiveCfg = Debug|Any CPU
		{92CD992D-7281-495F-A595-7AC557FF8336}.Debug|Any CPU.Build.0 = Debug|Any CPU
		{92CD992D-7281-495F-A595-7AC557FF8336}.Release|Any CPU.ActiveCfg = Release|Any CPU
		{92CD992D-7281-495F-A595-7AC557FF8336}.Release|Any CPU.Build.0 = Release|Any CPU
		{FECD9ECB-7D84-43A7-BE68-36D0A69A9EE0}.Debug|Any CPU.ActiveCfg = Debug|Any CPU
		{FECD9ECB-7D84-43A7-BE68-36D0A69A9EE0}.Debug|Any CPU.Build.0 = Debug|Any CPU
		{FECD9ECB-7D84-43A7-BE68-36D0A69A9EE0}.Release|Any CPU.ActiveCfg = Release|Any CPU
		{FECD9ECB-7D84-43A7-BE68-36D0A69A9EE0}.Release|Any CPU.Build.0 = Release|Any CPU
		{B381811D-084C-40D5-B7FA-88A9B53861BC}.Debug|Any CPU.ActiveCfg = Debug|Any CPU
		{B381811D-084C-40D5-B7FA-88A9B53861BC}.Debug|Any CPU.Build.0 = Debug|Any CPU
		{B381811D-084C-40D5-B7FA-88A9B53861BC}.Release|Any CPU.ActiveCfg = Release|Any CPU
		{B381811D-084C-40D5-B7FA-88A9B53861BC}.Release|Any CPU.Build.0 = Release|Any CPU
		{710A194D-2A7C-4470-B014-8AA3499AD4C4}.Debug|Any CPU.ActiveCfg = Debug|Any CPU
		{710A194D-2A7C-4470-B014-8AA3499AD4C4}.Debug|Any CPU.Build.0 = Debug|Any CPU
		{710A194D-2A7C-4470-B014-8AA3499AD4C4}.Release|Any CPU.ActiveCfg = Release|Any CPU
		{710A194D-2A7C-4470-B014-8AA3499AD4C4}.Release|Any CPU.Build.0 = Release|Any CPU
		{9DC8EBB0-91E4-4F1A-8D01-C13B9385E9F8}.Debug|Any CPU.ActiveCfg = Debug|Any CPU
		{9DC8EBB0-91E4-4F1A-8D01-C13B9385E9F8}.Debug|Any CPU.Build.0 = Debug|Any CPU
		{9DC8EBB0-91E4-4F1A-8D01-C13B9385E9F8}.Release|Any CPU.ActiveCfg = Release|Any CPU
		{9DC8EBB0-91E4-4F1A-8D01-C13B9385E9F8}.Release|Any CPU.Build.0 = Release|Any CPU
		{1415A1B5-407C-4CA5-8692-C9F2E94588C9}.Debug|Any CPU.ActiveCfg = Debug|Any CPU
		{1415A1B5-407C-4CA5-8692-C9F2E94588C9}.Debug|Any CPU.Build.0 = Debug|Any CPU
		{1415A1B5-407C-4CA5-8692-C9F2E94588C9}.Release|Any CPU.ActiveCfg = Release|Any CPU
		{1415A1B5-407C-4CA5-8692-C9F2E94588C9}.Release|Any CPU.Build.0 = Release|Any CPU
		{B58A61C4-3D8F-4DDE-B177-28D0CC0A6B26}.Debug|Any CPU.ActiveCfg = Debug|Any CPU
		{B58A61C4-3D8F-4DDE-B177-28D0CC0A6B26}.Debug|Any CPU.Build.0 = Debug|Any CPU
		{B58A61C4-3D8F-4DDE-B177-28D0CC0A6B26}.Release|Any CPU.ActiveCfg = Release|Any CPU
		{B58A61C4-3D8F-4DDE-B177-28D0CC0A6B26}.Release|Any CPU.Build.0 = Release|Any CPU
		{A773FCF8-DBDC-4424-9A30-523D9A06B504}.Debug|Any CPU.ActiveCfg = Debug|Any CPU
		{A773FCF8-DBDC-4424-9A30-523D9A06B504}.Debug|Any CPU.Build.0 = Debug|Any CPU
		{A773FCF8-DBDC-4424-9A30-523D9A06B504}.Release|Any CPU.ActiveCfg = Release|Any CPU
		{A773FCF8-DBDC-4424-9A30-523D9A06B504}.Release|Any CPU.Build.0 = Release|Any CPU
		{84C573B3-B699-4F22-9163-1E6F52677CCE}.Debug|Any CPU.ActiveCfg = Debug|Any CPU
		{84C573B3-B699-4F22-9163-1E6F52677CCE}.Debug|Any CPU.Build.0 = Debug|Any CPU
		{84C573B3-B699-4F22-9163-1E6F52677CCE}.Release|Any CPU.ActiveCfg = Release|Any CPU
		{84C573B3-B699-4F22-9163-1E6F52677CCE}.Release|Any CPU.Build.0 = Release|Any CPU
		{7C64905D-AF64-4D3E-AA3D-7F3DE07A3C18}.Debug|Any CPU.ActiveCfg = Debug|Any CPU
		{7C64905D-AF64-4D3E-AA3D-7F3DE07A3C18}.Debug|Any CPU.Build.0 = Debug|Any CPU
		{7C64905D-AF64-4D3E-AA3D-7F3DE07A3C18}.Release|Any CPU.ActiveCfg = Release|Any CPU
		{7C64905D-AF64-4D3E-AA3D-7F3DE07A3C18}.Release|Any CPU.Build.0 = Release|Any CPU
		{807DAA6C-9D68-4AD9-BDB3-A7D4C8E5E962}.Debug|Any CPU.ActiveCfg = Debug|Any CPU
		{807DAA6C-9D68-4AD9-BDB3-A7D4C8E5E962}.Debug|Any CPU.Build.0 = Debug|Any CPU
		{807DAA6C-9D68-4AD9-BDB3-A7D4C8E5E962}.Release|Any CPU.ActiveCfg = Release|Any CPU
		{807DAA6C-9D68-4AD9-BDB3-A7D4C8E5E962}.Release|Any CPU.Build.0 = Release|Any CPU
		{0504C051-2C78-4A0A-A266-081324893FEC}.Debug|Any CPU.ActiveCfg = Debug|Any CPU
		{0504C051-2C78-4A0A-A266-081324893FEC}.Debug|Any CPU.Build.0 = Debug|Any CPU
		{0504C051-2C78-4A0A-A266-081324893FEC}.Release|Any CPU.ActiveCfg = Release|Any CPU
		{0504C051-2C78-4A0A-A266-081324893FEC}.Release|Any CPU.Build.0 = Release|Any CPU
		{07446DC8-CB33-4538-B4CC-C0661A49CD4C}.Debug|Any CPU.ActiveCfg = Debug|Any CPU
		{07446DC8-CB33-4538-B4CC-C0661A49CD4C}.Debug|Any CPU.Build.0 = Debug|Any CPU
		{07446DC8-CB33-4538-B4CC-C0661A49CD4C}.Release|Any CPU.ActiveCfg = Release|Any CPU
		{07446DC8-CB33-4538-B4CC-C0661A49CD4C}.Release|Any CPU.Build.0 = Release|Any CPU
		{0CBD8A8D-F165-4AA4-A3DF-73E87E39B271}.Debug|Any CPU.ActiveCfg = Debug|Any CPU
		{0CBD8A8D-F165-4AA4-A3DF-73E87E39B271}.Debug|Any CPU.Build.0 = Debug|Any CPU
		{0CBD8A8D-F165-4AA4-A3DF-73E87E39B271}.Release|Any CPU.ActiveCfg = Release|Any CPU
		{0CBD8A8D-F165-4AA4-A3DF-73E87E39B271}.Release|Any CPU.Build.0 = Release|Any CPU
		{06C974D8-C34D-4B16-A264-41566CE3C3AB}.Debug|Any CPU.ActiveCfg = Debug|Any CPU
		{06C974D8-C34D-4B16-A264-41566CE3C3AB}.Debug|Any CPU.Build.0 = Debug|Any CPU
		{06C974D8-C34D-4B16-A264-41566CE3C3AB}.Release|Any CPU.ActiveCfg = Release|Any CPU
		{06C974D8-C34D-4B16-A264-41566CE3C3AB}.Release|Any CPU.Build.0 = Release|Any CPU
		{357E68C2-74D3-45A2-9D48-7F35252A940E}.Debug|Any CPU.ActiveCfg = Debug|Any CPU
		{357E68C2-74D3-45A2-9D48-7F35252A940E}.Debug|Any CPU.Build.0 = Debug|Any CPU
		{357E68C2-74D3-45A2-9D48-7F35252A940E}.Release|Any CPU.ActiveCfg = Release|Any CPU
		{357E68C2-74D3-45A2-9D48-7F35252A940E}.Release|Any CPU.Build.0 = Release|Any CPU
		{FA163924-2874-4601-84F4-9686090ABF38}.Debug|Any CPU.ActiveCfg = Debug|Any CPU
		{FA163924-2874-4601-84F4-9686090ABF38}.Debug|Any CPU.Build.0 = Debug|Any CPU
		{FA163924-2874-4601-84F4-9686090ABF38}.Release|Any CPU.ActiveCfg = Release|Any CPU
		{FA163924-2874-4601-84F4-9686090ABF38}.Release|Any CPU.Build.0 = Release|Any CPU
		{F6618766-51EE-4325-AD55-0C88457E3941}.Debug|Any CPU.ActiveCfg = Debug|Any CPU
		{F6618766-51EE-4325-AD55-0C88457E3941}.Debug|Any CPU.Build.0 = Debug|Any CPU
		{F6618766-51EE-4325-AD55-0C88457E3941}.Release|Any CPU.ActiveCfg = Release|Any CPU
		{F6618766-51EE-4325-AD55-0C88457E3941}.Release|Any CPU.Build.0 = Release|Any CPU
		{5B0019B0-1039-41DC-B263-F827F94EC136}.Debug|Any CPU.ActiveCfg = Debug|Any CPU
		{5B0019B0-1039-41DC-B263-F827F94EC136}.Debug|Any CPU.Build.0 = Debug|Any CPU
		{5B0019B0-1039-41DC-B263-F827F94EC136}.Release|Any CPU.ActiveCfg = Release|Any CPU
		{5B0019B0-1039-41DC-B263-F827F94EC136}.Release|Any CPU.Build.0 = Release|Any CPU
		{65169C77-76F1-4585-9B82-FB9F0CD2B3DA}.Debug|Any CPU.ActiveCfg = Debug|Any CPU
		{65169C77-76F1-4585-9B82-FB9F0CD2B3DA}.Debug|Any CPU.Build.0 = Debug|Any CPU
		{65169C77-76F1-4585-9B82-FB9F0CD2B3DA}.Release|Any CPU.ActiveCfg = Release|Any CPU
		{65169C77-76F1-4585-9B82-FB9F0CD2B3DA}.Release|Any CPU.Build.0 = Release|Any CPU
		{5B307723-3750-4353-ACB1-A6834DF119AC}.Debug|Any CPU.ActiveCfg = Debug|Any CPU
		{5B307723-3750-4353-ACB1-A6834DF119AC}.Debug|Any CPU.Build.0 = Debug|Any CPU
		{5B307723-3750-4353-ACB1-A6834DF119AC}.Release|Any CPU.ActiveCfg = Release|Any CPU
		{5B307723-3750-4353-ACB1-A6834DF119AC}.Release|Any CPU.Build.0 = Release|Any CPU
		{A072ECD6-5C73-42D7-A8E0-E185704350D4}.Debug|Any CPU.ActiveCfg = Debug|Any CPU
		{A072ECD6-5C73-42D7-A8E0-E185704350D4}.Debug|Any CPU.Build.0 = Debug|Any CPU
		{A072ECD6-5C73-42D7-A8E0-E185704350D4}.Release|Any CPU.ActiveCfg = Release|Any CPU
		{A072ECD6-5C73-42D7-A8E0-E185704350D4}.Release|Any CPU.Build.0 = Release|Any CPU
		{9EAEB426-5016-49F0-972C-0C4501D71887}.Debug|Any CPU.ActiveCfg = Debug|Any CPU
		{9EAEB426-5016-49F0-972C-0C4501D71887}.Debug|Any CPU.Build.0 = Debug|Any CPU
		{9EAEB426-5016-49F0-972C-0C4501D71887}.Release|Any CPU.ActiveCfg = Release|Any CPU
		{9EAEB426-5016-49F0-972C-0C4501D71887}.Release|Any CPU.Build.0 = Release|Any CPU
		{3B6EEF4C-04C6-46BC-96ED-083E957464F1}.Debug|Any CPU.ActiveCfg = Debug|Any CPU
		{3B6EEF4C-04C6-46BC-96ED-083E957464F1}.Debug|Any CPU.Build.0 = Debug|Any CPU
		{3B6EEF4C-04C6-46BC-96ED-083E957464F1}.Release|Any CPU.ActiveCfg = Release|Any CPU
		{3B6EEF4C-04C6-46BC-96ED-083E957464F1}.Release|Any CPU.Build.0 = Release|Any CPU
		{5B7BEFF2-AEDB-413C-B4BA-4F7394B7454E}.Debug|Any CPU.ActiveCfg = Debug|Any CPU
		{5B7BEFF2-AEDB-413C-B4BA-4F7394B7454E}.Debug|Any CPU.Build.0 = Debug|Any CPU
		{5B7BEFF2-AEDB-413C-B4BA-4F7394B7454E}.Release|Any CPU.ActiveCfg = Release|Any CPU
		{5B7BEFF2-AEDB-413C-B4BA-4F7394B7454E}.Release|Any CPU.Build.0 = Release|Any CPU
		{690F9915-27F8-4198-9345-C2B9DF0A044D}.Debug|Any CPU.ActiveCfg = Debug|Any CPU
		{690F9915-27F8-4198-9345-C2B9DF0A044D}.Debug|Any CPU.Build.0 = Debug|Any CPU
		{690F9915-27F8-4198-9345-C2B9DF0A044D}.Release|Any CPU.ActiveCfg = Release|Any CPU
		{690F9915-27F8-4198-9345-C2B9DF0A044D}.Release|Any CPU.Build.0 = Release|Any CPU
		{2C6B2921-D0AD-4CC9-A665-15BA364DEBE5}.Debug|Any CPU.ActiveCfg = Debug|Any CPU
		{2C6B2921-D0AD-4CC9-A665-15BA364DEBE5}.Debug|Any CPU.Build.0 = Debug|Any CPU
		{2C6B2921-D0AD-4CC9-A665-15BA364DEBE5}.Release|Any CPU.ActiveCfg = Release|Any CPU
		{2C6B2921-D0AD-4CC9-A665-15BA364DEBE5}.Release|Any CPU.Build.0 = Release|Any CPU
		{7CC34EFC-943F-4393-912D-719780F5AB62}.Debug|Any CPU.ActiveCfg = Debug|Any CPU
		{7CC34EFC-943F-4393-912D-719780F5AB62}.Debug|Any CPU.Build.0 = Debug|Any CPU
		{7CC34EFC-943F-4393-912D-719780F5AB62}.Release|Any CPU.ActiveCfg = Release|Any CPU
		{7CC34EFC-943F-4393-912D-719780F5AB62}.Release|Any CPU.Build.0 = Release|Any CPU
		{8E9DBF15-FF7B-414B-845A-BF22867D1ADB}.Debug|Any CPU.ActiveCfg = Debug|Any CPU
		{8E9DBF15-FF7B-414B-845A-BF22867D1ADB}.Debug|Any CPU.Build.0 = Debug|Any CPU
		{8E9DBF15-FF7B-414B-845A-BF22867D1ADB}.Release|Any CPU.ActiveCfg = Release|Any CPU
		{8E9DBF15-FF7B-414B-845A-BF22867D1ADB}.Release|Any CPU.Build.0 = Release|Any CPU
		{77CDDBFF-200B-4372-9490-3B6F471EF2C2}.Debug|Any CPU.ActiveCfg = Debug|Any CPU
		{77CDDBFF-200B-4372-9490-3B6F471EF2C2}.Debug|Any CPU.Build.0 = Debug|Any CPU
		{77CDDBFF-200B-4372-9490-3B6F471EF2C2}.Release|Any CPU.ActiveCfg = Release|Any CPU
		{77CDDBFF-200B-4372-9490-3B6F471EF2C2}.Release|Any CPU.Build.0 = Release|Any CPU
		{0484F960-D121-4996-8A74-E28F655AE805}.Debug|Any CPU.ActiveCfg = Debug|Any CPU
		{0484F960-D121-4996-8A74-E28F655AE805}.Debug|Any CPU.Build.0 = Debug|Any CPU
		{0484F960-D121-4996-8A74-E28F655AE805}.Release|Any CPU.ActiveCfg = Release|Any CPU
		{0484F960-D121-4996-8A74-E28F655AE805}.Release|Any CPU.Build.0 = Release|Any CPU
		{7313721A-39FE-469A-9266-2035E4D6D7E2}.Debug|Any CPU.ActiveCfg = Debug|Any CPU
		{7313721A-39FE-469A-9266-2035E4D6D7E2}.Debug|Any CPU.Build.0 = Debug|Any CPU
		{7313721A-39FE-469A-9266-2035E4D6D7E2}.Release|Any CPU.ActiveCfg = Release|Any CPU
		{7313721A-39FE-469A-9266-2035E4D6D7E2}.Release|Any CPU.Build.0 = Release|Any CPU
		{D0E4A2C2-EED5-4D0D-A4B9-F29BD4E6FB70}.Debug|Any CPU.ActiveCfg = Debug|Any CPU
		{D0E4A2C2-EED5-4D0D-A4B9-F29BD4E6FB70}.Debug|Any CPU.Build.0 = Debug|Any CPU
		{D0E4A2C2-EED5-4D0D-A4B9-F29BD4E6FB70}.Release|Any CPU.ActiveCfg = Release|Any CPU
		{D0E4A2C2-EED5-4D0D-A4B9-F29BD4E6FB70}.Release|Any CPU.Build.0 = Release|Any CPU
		{8102843E-67B6-4021-9667-45070DA64D71}.Debug|Any CPU.ActiveCfg = Debug|Any CPU
		{8102843E-67B6-4021-9667-45070DA64D71}.Debug|Any CPU.Build.0 = Debug|Any CPU
		{8102843E-67B6-4021-9667-45070DA64D71}.Release|Any CPU.ActiveCfg = Release|Any CPU
		{8102843E-67B6-4021-9667-45070DA64D71}.Release|Any CPU.Build.0 = Release|Any CPU
		{68A8CF8E-8FEA-4A4C-9FBB-B71FA7BA8B36}.Debug|Any CPU.ActiveCfg = Debug|Any CPU
		{68A8CF8E-8FEA-4A4C-9FBB-B71FA7BA8B36}.Debug|Any CPU.Build.0 = Debug|Any CPU
		{68A8CF8E-8FEA-4A4C-9FBB-B71FA7BA8B36}.Release|Any CPU.ActiveCfg = Release|Any CPU
		{68A8CF8E-8FEA-4A4C-9FBB-B71FA7BA8B36}.Release|Any CPU.Build.0 = Release|Any CPU
		{88431886-DC94-46A0-B9EF-7C58E5CFA420}.Debug|Any CPU.ActiveCfg = Debug|Any CPU
		{88431886-DC94-46A0-B9EF-7C58E5CFA420}.Debug|Any CPU.Build.0 = Debug|Any CPU
		{88431886-DC94-46A0-B9EF-7C58E5CFA420}.Release|Any CPU.ActiveCfg = Release|Any CPU
		{88431886-DC94-46A0-B9EF-7C58E5CFA420}.Release|Any CPU.Build.0 = Release|Any CPU
		{D57C04F8-07C4-40D0-88C7-50B1F09C61DF}.Debug|Any CPU.ActiveCfg = Debug|Any CPU
		{D57C04F8-07C4-40D0-88C7-50B1F09C61DF}.Debug|Any CPU.Build.0 = Debug|Any CPU
		{D57C04F8-07C4-40D0-88C7-50B1F09C61DF}.Release|Any CPU.ActiveCfg = Release|Any CPU
		{D57C04F8-07C4-40D0-88C7-50B1F09C61DF}.Release|Any CPU.Build.0 = Release|Any CPU
		{1168B92C-D185-41EC-B7DD-7FC9EBF95EDA}.Debug|Any CPU.ActiveCfg = Debug|Any CPU
		{1168B92C-D185-41EC-B7DD-7FC9EBF95EDA}.Debug|Any CPU.Build.0 = Debug|Any CPU
		{1168B92C-D185-41EC-B7DD-7FC9EBF95EDA}.Release|Any CPU.ActiveCfg = Release|Any CPU
		{1168B92C-D185-41EC-B7DD-7FC9EBF95EDA}.Release|Any CPU.Build.0 = Release|Any CPU
		{45B633B0-70A1-4A37-9E1D-5177D98A0516}.Debug|Any CPU.ActiveCfg = Debug|Any CPU
		{45B633B0-70A1-4A37-9E1D-5177D98A0516}.Debug|Any CPU.Build.0 = Debug|Any CPU
		{45B633B0-70A1-4A37-9E1D-5177D98A0516}.Release|Any CPU.ActiveCfg = Release|Any CPU
		{45B633B0-70A1-4A37-9E1D-5177D98A0516}.Release|Any CPU.Build.0 = Release|Any CPU
		{92584B27-FEC2-4AEA-AE6D-84F45BAC73E6}.Debug|Any CPU.ActiveCfg = Debug|Any CPU
		{92584B27-FEC2-4AEA-AE6D-84F45BAC73E6}.Debug|Any CPU.Build.0 = Debug|Any CPU
		{92584B27-FEC2-4AEA-AE6D-84F45BAC73E6}.Release|Any CPU.ActiveCfg = Release|Any CPU
		{92584B27-FEC2-4AEA-AE6D-84F45BAC73E6}.Release|Any CPU.Build.0 = Release|Any CPU
		{4692D06D-73DC-4681-8395-F9BA04EE7984}.Debug|Any CPU.ActiveCfg = Debug|Any CPU
		{4692D06D-73DC-4681-8395-F9BA04EE7984}.Debug|Any CPU.Build.0 = Debug|Any CPU
		{4692D06D-73DC-4681-8395-F9BA04EE7984}.Release|Any CPU.ActiveCfg = Release|Any CPU
		{4692D06D-73DC-4681-8395-F9BA04EE7984}.Release|Any CPU.Build.0 = Release|Any CPU
		{34F4DB36-4AF0-4F27-B83C-6168AD3946E9}.Debug|Any CPU.ActiveCfg = Debug|Any CPU
		{34F4DB36-4AF0-4F27-B83C-6168AD3946E9}.Debug|Any CPU.Build.0 = Debug|Any CPU
		{34F4DB36-4AF0-4F27-B83C-6168AD3946E9}.Release|Any CPU.ActiveCfg = Release|Any CPU
		{34F4DB36-4AF0-4F27-B83C-6168AD3946E9}.Release|Any CPU.Build.0 = Release|Any CPU
		{F3FE67FD-837C-4E42-A1A5-EA7B494757A3}.Debug|Any CPU.ActiveCfg = Debug|Any CPU
		{F3FE67FD-837C-4E42-A1A5-EA7B494757A3}.Debug|Any CPU.Build.0 = Debug|Any CPU
		{F3FE67FD-837C-4E42-A1A5-EA7B494757A3}.Release|Any CPU.ActiveCfg = Release|Any CPU
		{F3FE67FD-837C-4E42-A1A5-EA7B494757A3}.Release|Any CPU.Build.0 = Release|Any CPU
		{121855EB-3C9A-4B73-82B8-C94E798EC90B}.Debug|Any CPU.ActiveCfg = Debug|Any CPU
		{121855EB-3C9A-4B73-82B8-C94E798EC90B}.Debug|Any CPU.Build.0 = Debug|Any CPU
		{121855EB-3C9A-4B73-82B8-C94E798EC90B}.Release|Any CPU.ActiveCfg = Release|Any CPU
		{121855EB-3C9A-4B73-82B8-C94E798EC90B}.Release|Any CPU.Build.0 = Release|Any CPU
		{B3EABC71-0E16-46E6-B2A3-CA390ED9F03E}.Debug|Any CPU.ActiveCfg = Debug|Any CPU
		{B3EABC71-0E16-46E6-B2A3-CA390ED9F03E}.Debug|Any CPU.Build.0 = Debug|Any CPU
		{B3EABC71-0E16-46E6-B2A3-CA390ED9F03E}.Release|Any CPU.ActiveCfg = Release|Any CPU
		{B3EABC71-0E16-46E6-B2A3-CA390ED9F03E}.Release|Any CPU.Build.0 = Release|Any CPU
		{5CC97596-E081-43B8-8DBB-65C66C51AAAE}.Debug|Any CPU.ActiveCfg = Debug|Any CPU
		{5CC97596-E081-43B8-8DBB-65C66C51AAAE}.Debug|Any CPU.Build.0 = Debug|Any CPU
		{5CC97596-E081-43B8-8DBB-65C66C51AAAE}.Release|Any CPU.ActiveCfg = Release|Any CPU
		{5CC97596-E081-43B8-8DBB-65C66C51AAAE}.Release|Any CPU.Build.0 = Release|Any CPU
		{909B9620-8C9B-4025-84E2-C92E3C45D1B6}.Debug|Any CPU.ActiveCfg = Debug|Any CPU
		{909B9620-8C9B-4025-84E2-C92E3C45D1B6}.Debug|Any CPU.Build.0 = Debug|Any CPU
		{909B9620-8C9B-4025-84E2-C92E3C45D1B6}.Release|Any CPU.ActiveCfg = Release|Any CPU
		{909B9620-8C9B-4025-84E2-C92E3C45D1B6}.Release|Any CPU.Build.0 = Release|Any CPU
		{CFA5B6D2-8F3C-4EDE-9794-F07094F4CCA2}.Debug|Any CPU.ActiveCfg = Debug|Any CPU
		{CFA5B6D2-8F3C-4EDE-9794-F07094F4CCA2}.Debug|Any CPU.Build.0 = Debug|Any CPU
		{CFA5B6D2-8F3C-4EDE-9794-F07094F4CCA2}.Release|Any CPU.ActiveCfg = Release|Any CPU
		{CFA5B6D2-8F3C-4EDE-9794-F07094F4CCA2}.Release|Any CPU.Build.0 = Release|Any CPU
	EndGlobalSection
	GlobalSection(SolutionProperties) = preSolution
		HideSolutionNode = FALSE
	EndGlobalSection
	GlobalSection(ExtensibilityGlobals) = postSolution
		SolutionGuid = {17613609-75E6-45B2-8716-883DF538F94D}
	EndGlobalSection
EndGlobal
